
Microsoft Visual Studio Solution File, Format Version 12.00
# Visual Studio Version 17
VisualStudioVersion = 17.9.34902.65
MinimumVisualStudioVersion = 10.0.40219.1
Project("{FAE04EC0-301F-11D3-BF4B-00C04F79EFBC}") = "Movies", "Movies\Movies.csproj", "{9840EA36-C5BB-48B9-972D-BA98888B560D}"
EndProject
Global
	GlobalSection(SolutionConfigurationPlatforms) = preSolution
		Debug|Any CPU = Debug|Any CPU
		Release|Any CPU = Release|Any CPU
	EndGlobalSection
	GlobalSection(ProjectConfigurationPlatforms) = postSolution
		{9840EA36-C5BB-48B9-972D-BA98888B560D}.Debug|Any CPU.ActiveCfg = Debug|Any CPU
		{9840EA36-C5BB-48B9-972D-BA98888B560D}.Debug|Any CPU.Build.0 = Debug|Any CPU
		{9840EA36-C5BB-48B9-972D-BA98888B560D}.Release|Any CPU.ActiveCfg = Release|Any CPU
		{9840EA36-C5BB-48B9-972D-BA98888B560D}.Release|Any CPU.Build.0 = Release|Any CPU
	EndGlobalSection
	GlobalSection(SolutionProperties) = preSolution
		HideSolutionNode = FALSE
	EndGlobalSection
	GlobalSection(ExtensibilityGlobals) = postSolution
		SolutionGuid = {2D6193AE-50E5-42AE-AEEE-C6ABA17E3C38}
	EndGlobalSection
EndGlobal
